<?xml version="1.0" encoding="utf-8"?>
<Project ToolsVersion="4.0" xmlns="http://schemas.microsoft.com/developer/msbuild/2003">
  <ItemGroup>
    <Filter Include="src">
      <UniqueIdentifier>{5838C436-5163-1643-9AEC-D0F1702AA58C}</UniqueIdentifier>
    </Filter>
    <Filter Include="src\BulletInverseDynamics">
      <UniqueIdentifier>{8EE1F766-BE50-6A4D-9C1F-EC3D3390CCE8}</UniqueIdentifier>
    </Filter>
    <Filter Include="src\BulletInverseDynamics\details">
      <UniqueIdentifier>{6159A2DE-1C7D-A940-81A2-647B4FA0F50B}</UniqueIdentifier>
    </Filter>
  </ItemGroup>
  <ItemGroup>
    <ClCompile Include="..\..\src\BulletInverseDynamics\IDMath.cpp">
      <Filter>src\BulletInverseDynamics</Filter>
    </ClCompile>
    <ClCompile Include="..\..\src\BulletInverseDynamics\MultiBodyTree.cpp">
      <Filter>src\BulletInverseDynamics</Filter>
    </ClCompile>
    <ClCompile Include="..\..\src\BulletInverseDynamics\details\MultiBodyTreeInitCache.cpp">
      <Filter>src\BulletInverseDynamics\details</Filter>
    </ClCompile>
    <ClCompile Include="..\..\src\BulletInverseDynamics\details\MultiBodyTreeImpl.cpp">
      <Filter>src\BulletInverseDynamics\details</Filter>
    </ClCompile>
  </ItemGroup>
</Project>
