<?xml version="1.0" encoding="utf-8"?>
<Project ToolsVersion="4.0" xmlns="http://schemas.microsoft.com/developer/msbuild/2003">
  <ItemGroup>
    <Filter Include="examples">
      <UniqueIdentifier>{144C1B3E-1A1A-FC4E-8431-897F5955ADC6}</UniqueIdentifier>
    </Filter>
    <Filter Include="examples\ThirdPartyLibs">
      <UniqueIdentifier>{19AA82A7-9D00-C042-8FE6-327C1C376F60}</UniqueIdentifier>
    </Filter>
    <Filter Include="examples\ThirdPartyLibs\BussIK">
      <UniqueIdentifier>{7316447E-874A-BE4B-8A38-1A0739EE43CC}</UniqueIdentifier>
    </Filter>
  </ItemGroup>
  <ItemGroup>
    <ClInclude Include="..\..\examples\ThirdPartyLibs\BussIK\Jacobian.h">
      <Filter>examples\ThirdPartyLibs\BussIK</Filter>
    </ClInclude>
    <ClInclude Include="..\..\examples\ThirdPartyLibs\BussIK\LinearR2.h">
      <Filter>examples\ThirdPartyLibs\BussIK</Filter>
    </ClInclude>
    <ClInclude Include="..\..\examples\ThirdPartyLibs\BussIK\LinearR3.h">
      <Filter>examples\ThirdPartyLibs\BussIK</Filter>
    </ClInclude>
    <ClInclude Include="..\..\examples\ThirdPartyLibs\BussIK\LinearR4.h">
      <Filter>examples\ThirdPartyLibs\BussIK</Filter>
    </ClInclude>
    <ClInclude Include="..\..\examples\ThirdPartyLibs\BussIK\MathMisc.h">
      <Filter>examples\ThirdPartyLibs\BussIK</Filter>
    </ClInclude>
    <ClInclude Include="..\..\examples\ThirdPartyLibs\BussIK\MatrixRmn.h">
      <Filter>examples\ThirdPartyLibs\BussIK</Filter>
    </ClInclude>
    <ClInclude Include="..\..\examples\ThirdPartyLibs\BussIK\Node.h">
      <Filter>examples\ThirdPartyLibs\BussIK</Filter>
    </ClInclude>
    <ClInclude Include="..\..\examples\ThirdPartyLibs\BussIK\Spherical.h">
      <Filter>examples\ThirdPartyLibs\BussIK</Filter>
    </ClInclude>
    <ClInclude Include="..\..\examples\ThirdPartyLibs\BussIK\Tree.h">
      <Filter>examples\ThirdPartyLibs\BussIK</Filter>
    </ClInclude>
    <ClInclude Include="..\..\examples\ThirdPartyLibs\BussIK\VectorRn.h">
      <Filter>examples\ThirdPartyLibs\BussIK</Filter>
    </ClInclude>
  </ItemGroup>
  <ItemGroup>
    <ClCompile Include="..\..\examples\ThirdPartyLibs\BussIK\Jacobian.cpp">
      <Filter>examples\ThirdPartyLibs\BussIK</Filter>
    </ClCompile>
    <ClCompile Include="..\..\examples\ThirdPartyLibs\BussIK\LinearR2.cpp">
      <Filter>examples\ThirdPartyLibs\BussIK</Filter>
    </ClCompile>
    <ClCompile Include="..\..\examples\ThirdPartyLibs\BussIK\LinearR3.cpp">
      <Filter>examples\ThirdPartyLibs\BussIK</Filter>
    </ClCompile>
    <ClCompile Include="..\..\examples\ThirdPartyLibs\BussIK\LinearR4.cpp">
      <Filter>examples\ThirdPartyLibs\BussIK</Filter>
    </ClCompile>
    <ClCompile Include="..\..\examples\ThirdPartyLibs\BussIK\MatrixRmn.cpp">
      <Filter>examples\ThirdPartyLibs\BussIK</Filter>
    </ClCompile>
    <ClCompile Include="..\..\examples\ThirdPartyLibs\BussIK\Misc.cpp">
      <Filter>examples\ThirdPartyLibs\BussIK</Filter>
    </ClCompile>
    <ClCompile Include="..\..\examples\ThirdPartyLibs\BussIK\Node.cpp">
      <Filter>examples\ThirdPartyLibs\BussIK</Filter>
    </ClCompile>
    <ClCompile Include="..\..\examples\ThirdPartyLibs\BussIK\Tree.cpp">
      <Filter>examples\ThirdPartyLibs\BussIK</Filter>
    </ClCompile>
    <ClCompile Include="..\..\examples\ThirdPartyLibs\BussIK\VectorRn.cpp">
      <Filter>examples\ThirdPartyLibs\BussIK</Filter>
    </ClCompile>
  </ItemGroup>
</Project>
