<?xml version="1.0" encoding="utf-8"?>
<Project ToolsVersion="4.0" xmlns="http://schemas.microsoft.com/developer/msbuild/2003">
  <ItemGroup>
    <Filter Include="examples">
      <UniqueIdentifier>{133B1044-10C7-414B-A423-07A5A71DF6AD}</UniqueIdentifier>
    </Filter>
    <Filter Include="examples\ThirdPartyLibs">
      <UniqueIdentifier>{13BFB18D-C244-8B4F-A680-156EE5F0FDB1}</UniqueIdentifier>
    </Filter>
    <Filter Include="examples\ThirdPartyLibs\clsocket">
      <UniqueIdentifier>{F02E5FC3-2076-634E-9AD2-12EABD31758C}</UniqueIdentifier>
    </Filter>
    <Filter Include="examples\ThirdPartyLibs\clsocket\src">
      <UniqueIdentifier>{16831F5D-0407-264F-8CD2-AFF74B30391A}</UniqueIdentifier>
    </Filter>
  </ItemGroup>
  <ItemGroup>
    <ClInclude Include="..\..\examples\ThirdPartyLibs\clsocket\src\ActiveSocket.h">
      <Filter>examples\ThirdPartyLibs\clsocket\src</Filter>
    </ClInclude>
    <ClInclude Include="..\..\examples\ThirdPartyLibs\clsocket\src\Host.h">
      <Filter>examples\ThirdPartyLibs\clsocket\src</Filter>
    </ClInclude>
    <ClInclude Include="..\..\examples\ThirdPartyLibs\clsocket\src\PassiveSocket.h">
      <Filter>examples\ThirdPartyLibs\clsocket\src</Filter>
    </ClInclude>
    <ClInclude Include="..\..\examples\ThirdPartyLibs\clsocket\src\SimpleSocket.h">
      <Filter>examples\ThirdPartyLibs\clsocket\src</Filter>
    </ClInclude>
    <ClInclude Include="..\..\examples\ThirdPartyLibs\clsocket\src\StatTimer.h">
      <Filter>examples\ThirdPartyLibs\clsocket\src</Filter>
    </ClInclude>
  </ItemGroup>
  <ItemGroup>
    <ClCompile Include="..\..\examples\ThirdPartyLibs\clsocket\src\SimpleSocket.cpp">
      <Filter>examples\ThirdPartyLibs\clsocket\src</Filter>
    </ClCompile>
    <ClCompile Include="..\..\examples\ThirdPartyLibs\clsocket\src\ActiveSocket.cpp">
      <Filter>examples\ThirdPartyLibs\clsocket\src</Filter>
    </ClCompile>
    <ClCompile Include="..\..\examples\ThirdPartyLibs\clsocket\src\PassiveSocket.cpp">
      <Filter>examples\ThirdPartyLibs\clsocket\src</Filter>
    </ClCompile>
  </ItemGroup>
</Project>
