<?xml version="1.0" encoding="utf-8"?>
<Project ToolsVersion="4.0" xmlns="http://schemas.microsoft.com/developer/msbuild/2003">
  <ItemGroup>
    <Filter Include="test">
      <UniqueIdentifier>{95BBAACF-D3C9-B942-87D6-09F6F285134C}</UniqueIdentifier>
    </Filter>
    <Filter Include="test\enet">
      <UniqueIdentifier>{D0B2E877-1B71-404D-84D1-85F767222BE7}</UniqueIdentifier>
    </Filter>
    <Filter Include="test\enet\chat">
      <UniqueIdentifier>{E050F125-B066-3045-BE0B-5C3B78CFB08C}</UniqueIdentifier>
    </Filter>
    <Filter Include="test\enet\chat\server">
      <UniqueIdentifier>{D9969AE4-DC45-1E4C-99E8-FB6733D31630}</UniqueIdentifier>
    </Filter>
  </ItemGroup>
  <ItemGroup>
    <ClCompile Include="..\..\test\enet\chat\server\main.cpp">
      <Filter>test\enet\chat\server</Filter>
    </ClCompile>
  </ItemGroup>
</Project>
