<?xml version="1.0" encoding="utf-8"?>
<Project ToolsVersion="4.0" xmlns="http://schemas.microsoft.com/developer/msbuild/2003">
  <ItemGroup>
    <Filter Include="test">
      <UniqueIdentifier>{0B5ECFCD-E926-0F4D-9866-279DE99417A3}</UniqueIdentifier>
    </Filter>
    <Filter Include="test\enet">
      <UniqueIdentifier>{55B0E7BE-F6B6-0E40-99EF-D24DFAA3B322}</UniqueIdentifier>
    </Filter>
    <Filter Include="test\enet\chat">
      <UniqueIdentifier>{8291A410-F691-E24E-936B-B84644E6A6FA}</UniqueIdentifier>
    </Filter>
    <Filter Include="test\enet\chat\client">
      <UniqueIdentifier>{AFE93F79-1E88-944F-A8DB-ABB65D115A75}</UniqueIdentifier>
    </Filter>
  </ItemGroup>
  <ItemGroup>
    <ClCompile Include="..\..\test\enet\chat\client\main.cpp">
      <Filter>test\enet\chat\client</Filter>
    </ClCompile>
  </ItemGroup>
</Project>
