
Microsoft Visual Studio Solution File, Format Version 12.00
# Visual Studio Version 16
VisualStudioVersion = 16.0.29418.71
MinimumVisualStudioVersion = 10.0.40219.1
Project("{8BC9CEB8-8B4A-11D0-8D11-00A0C91BC942}") = "Common", "Common\Common.vcxproj", "{7A22CD41-A2EE-49F0-8B06-E01B4526CA41}"
EndProject
Project("{8BC9CEB8-8B4A-11D0-8D11-00A0C91BC942}") = "OpenGLRendering", "Plugins\OpenGLRendering\OpenGLRendering.vcxproj", "{EF869029-64F1-467F-BB9B-1D3B49EDECFA}"
EndProject
Project("{8BC9CEB8-8B4A-11D0-8D11-00A0C91BC942}") = "FontBuilder", "FontBuilder\FontBuilder.vcxproj", "{F75A977F-2D2B-4D4A-A5E4-72905D38922A}"
EndProject
Project("{8BC9CEB8-8B4A-11D0-8D11-00A0C91BC942}") = "CSC8503Common", "CSC8503\CSC8503Common\CSC8503Common.vcxproj", "{F93B1523-C80E-4CFC-8A88-660866D29C10}"
	ProjectSection(ProjectDependencies) = postProject
		{4EE82934-BF3F-4045-8E46-638A8DE790F7} = {4EE82934-BF3F-4045-8E46-638A8DE790F7}
		{13DA0281-C0E5-3D14-A05E-5C6ACB0764EE} = {13DA0281-C0E5-3D14-A05E-5C6ACB0764EE}
		{CC51B684-98EE-1840-9A11-06189BD97636} = {CC51B684-98EE-1840-9A11-06189BD97636}
		{8E45C2D7-F111-EC41-B892-25818A3EF3A2} = {8E45C2D7-F111-EC41-B892-25818A3EF3A2}
	EndProjectSection
EndProject
Project("{8BC9CEB8-8B4A-11D0-8D11-00A0C91BC942}") = "GameTech", "CSC8503\GameTech\GameTech.vcxproj", "{86B67DBB-8D8A-4B90-9383-A95C534E2A01}"
	ProjectSection(ProjectDependencies) = postProject
		{F93B1523-C80E-4CFC-8A88-660866D29C10} = {F93B1523-C80E-4CFC-8A88-660866D29C10}
		{EF869029-64F1-467F-BB9B-1D3B49EDECFA} = {EF869029-64F1-467F-BB9B-1D3B49EDECFA}
		{7A22CD41-A2EE-49F0-8B06-E01B4526CA41} = {7A22CD41-A2EE-49F0-8B06-E01B4526CA41}
		{124740DA-B6CB-4D9B-8C79-B8358B2A1D9F} = {124740DA-B6CB-4D9B-8C79-B8358B2A1D9F}
	EndProjectSection
EndProject
Project("{8BC9CEB8-8B4A-11D0-8D11-00A0C91BC942}") = "Networking-ENet", "Plugins\Networking-ENet\Networking-ENet.vcxproj", "{124740DA-B6CB-4D9B-8C79-B8358B2A1D9F}"
EndProject
Project("{8BC9CEB8-8B4A-11D0-8D11-00A0C91BC942}") = "NavMeshVisualiser", "OtherProjects\NavMeshVisualiser\NavMeshVisualiser.vcxproj", "{327A139A-B8E4-448B-9655-7FDC1812F9CE}"
	ProjectSection(ProjectDependencies) = postProject
		{EF869029-64F1-467F-BB9B-1D3B49EDECFA} = {EF869029-64F1-467F-BB9B-1D3B49EDECFA}
		{7A22CD41-A2EE-49F0-8B06-E01B4526CA41} = {7A22CD41-A2EE-49F0-8B06-E01B4526CA41}
	EndProjectSection
EndProject
Project("{2150E333-8FDC-42A3-9474-1A3956D46DE8}") = "Bullet3 Physics", "Bullet3 Physics", "{70829DA4-ECEA-4621-BEE2-BE857642EE13}"
EndProject
Project("{8BC9CEB8-8B4A-11D0-8D11-00A0C91BC942}") = "Bullet2FileLoader", "Plugins\bullet3\build3\vs2010\Bullet2FileLoader.vcxproj", "{0CD8A1CF-9844-9A45-99A7-6D5DBD4A1E4B}"
EndProject
Project("{8BC9CEB8-8B4A-11D0-8D11-00A0C91BC942}") = "Bullet3Collision", "Plugins\bullet3\build3\vs2010\Bullet3Collision.vcxproj", "{0040465F-18CC-4046-B4B6-FD41AA072729}"
EndProject
Project("{8BC9CEB8-8B4A-11D0-8D11-00A0C91BC942}") = "Bullet3Common", "Plugins\bullet3\build3\vs2010\Bullet3Common.vcxproj", "{34EEBA63-1275-F64A-B327-7451BE0F6B22}"
EndProject
Project("{8BC9CEB8-8B4A-11D0-8D11-00A0C91BC942}") = "Bullet3Dynamics", "Plugins\bullet3\build3\vs2010\Bullet3Dynamics.vcxproj", "{3141FF89-BD01-9D4A-B488-6EA0F0F86179}"
EndProject
Project("{8BC9CEB8-8B4A-11D0-8D11-00A0C91BC942}") = "Bullet3Geometry", "Plugins\bullet3\build3\vs2010\Bullet3Geometry.vcxproj", "{0468544D-73ED-DF41-B9AD-F37656AD06A2}"
EndProject
Project("{8BC9CEB8-8B4A-11D0-8D11-00A0C91BC942}") = "Bullet3OpenCL_clew", "Plugins\bullet3\build3\vs2010\Bullet3OpenCL_clew.vcxproj", "{64B64A5B-CA3E-0B42-80DD-9164BF7A04C1}"
EndProject
Project("{8BC9CEB8-8B4A-11D0-8D11-00A0C91BC942}") = "BulletCollision", "Plugins\bullet3\build3\vs2010\BulletCollision.vcxproj", "{4EE82934-BF3F-4045-8E46-638A8DE790F7}"
EndProject
Project("{8BC9CEB8-8B4A-11D0-8D11-00A0C91BC942}") = "BulletDynamics", "Plugins\bullet3\build3\vs2010\BulletDynamics.vcxproj", "{8E45C2D7-F111-EC41-B892-25818A3EF3A2}"
EndProject
Project("{8BC9CEB8-8B4A-11D0-8D11-00A0C91BC942}") = "BulletFileLoader", "Plugins\bullet3\build3\vs2010\BulletFileLoader.vcxproj", "{6D7C971C-C172-EB4E-9821-2A79AFC74BDE}"
EndProject
Project("{8BC9CEB8-8B4A-11D0-8D11-00A0C91BC942}") = "BulletInverseDynamics", "Plugins\bullet3\build3\vs2010\BulletInverseDynamics.vcxproj", "{BEDF3D4C-7D1C-FD46-9C7E-E40E4635F2EB}"
EndProject
Project("{8BC9CEB8-8B4A-11D0-8D11-00A0C91BC942}") = "BulletInverseDynamicsUtils", "Plugins\bullet3\build3\vs2010\BulletInverseDynamicsUtils.vcxproj", "{611B2A7D-9A3A-FB45-A269-08899E1051D5}"
EndProject
Project("{8BC9CEB8-8B4A-11D0-8D11-00A0C91BC942}") = "BulletSoftBody", "Plugins\bullet3\build3\vs2010\BulletSoftBody.vcxproj", "{20FC585A-D458-D94B-A7F1-D277FA120794}"
EndProject
Project("{8BC9CEB8-8B4A-11D0-8D11-00A0C91BC942}") = "BulletWorldImporter", "Plugins\bullet3\build3\vs2010\BulletWorldImporter.vcxproj", "{C54739D4-6662-444C-89CA-87D24F115485}"
EndProject
Project("{8BC9CEB8-8B4A-11D0-8D11-00A0C91BC942}") = "LinearMath", "Plugins\bullet3\build3\vs2010\LinearMath.vcxproj", "{CC51B684-98EE-1840-9A11-06189BD97636}"
EndProject
Project("{2150E333-8FDC-42A3-9474-1A3956D46DE8}") = "Jsoncpp", "Jsoncpp", "{3A85EB90-DC73-4139-AFFF-813B51AE4CA6}"
EndProject
Project("{8BC9CEB8-8B4A-11D0-8D11-00A0C91BC942}") = "jsoncpp_static", "Plugins\jsoncpp-master\build\src\lib_json\jsoncpp_static.vcxproj", "{13DA0281-C0E5-3D14-A05E-5C6ACB0764EE}"
EndProject
Global
	GlobalSection(SolutionConfigurationPlatforms) = preSolution
		Debug|ORBIS = Debug|ORBIS
		Debug|Win32 = Debug|Win32
		Debug|x64 = Debug|x64
		MinSizeRel|ORBIS = MinSizeRel|ORBIS
		MinSizeRel|Win32 = MinSizeRel|Win32
		MinSizeRel|x64 = MinSizeRel|x64
		Release|ORBIS = Release|ORBIS
		Release|Win32 = Release|Win32
		Release|x64 = Release|x64
		RelWithDebInfo|ORBIS = RelWithDebInfo|ORBIS
		RelWithDebInfo|Win32 = RelWithDebInfo|Win32
		RelWithDebInfo|x64 = RelWithDebInfo|x64
	EndGlobalSection
	GlobalSection(ProjectConfigurationPlatforms) = postSolution
		{7A22CD41-A2EE-49F0-8B06-E01B4526CA41}.Debug|ORBIS.ActiveCfg = Debug|ORBIS
		{7A22CD41-A2EE-49F0-8B06-E01B4526CA41}.Debug|ORBIS.Build.0 = Debug|ORBIS
		{7A22CD41-A2EE-49F0-8B06-E01B4526CA41}.Debug|Win32.ActiveCfg = Debug|Win32
		{7A22CD41-A2EE-49F0-8B06-E01B4526CA41}.Debug|Win32.Build.0 = Debug|Win32
		{7A22CD41-A2EE-49F0-8B06-E01B4526CA41}.Debug|x64.ActiveCfg = Debug|x64
		{7A22CD41-A2EE-49F0-8B06-E01B4526CA41}.Debug|x64.Build.0 = Debug|x64
		{7A22CD41-A2EE-49F0-8B06-E01B4526CA41}.MinSizeRel|ORBIS.ActiveCfg = Release|ORBIS
		{7A22CD41-A2EE-49F0-8B06-E01B4526CA41}.MinSizeRel|ORBIS.Build.0 = Release|ORBIS
		{7A22CD41-A2EE-49F0-8B06-E01B4526CA41}.MinSizeRel|Win32.ActiveCfg = Release|Win32
		{7A22CD41-A2EE-49F0-8B06-E01B4526CA41}.MinSizeRel|Win32.Build.0 = Release|Win32
		{7A22CD41-A2EE-49F0-8B06-E01B4526CA41}.MinSizeRel|x64.ActiveCfg = Release|x64
		{7A22CD41-A2EE-49F0-8B06-E01B4526CA41}.MinSizeRel|x64.Build.0 = Release|x64
		{7A22CD41-A2EE-49F0-8B06-E01B4526CA41}.Release|ORBIS.ActiveCfg = Release|Win32
		{7A22CD41-A2EE-49F0-8B06-E01B4526CA41}.Release|Win32.ActiveCfg = Release|Win32
		{7A22CD41-A2EE-49F0-8B06-E01B4526CA41}.Release|Win32.Build.0 = Release|Win32
		{7A22CD41-A2EE-49F0-8B06-E01B4526CA41}.Release|x64.ActiveCfg = Release|x64
		{7A22CD41-A2EE-49F0-8B06-E01B4526CA41}.Release|x64.Build.0 = Release|x64
		{7A22CD41-A2EE-49F0-8B06-E01B4526CA41}.RelWithDebInfo|ORBIS.ActiveCfg = Release|ORBIS
		{7A22CD41-A2EE-49F0-8B06-E01B4526CA41}.RelWithDebInfo|ORBIS.Build.0 = Release|ORBIS
		{7A22CD41-A2EE-49F0-8B06-E01B4526CA41}.RelWithDebInfo|Win32.ActiveCfg = Release|Win32
		{7A22CD41-A2EE-49F0-8B06-E01B4526CA41}.RelWithDebInfo|Win32.Build.0 = Release|Win32
		{7A22CD41-A2EE-49F0-8B06-E01B4526CA41}.RelWithDebInfo|x64.ActiveCfg = Release|x64
		{7A22CD41-A2EE-49F0-8B06-E01B4526CA41}.RelWithDebInfo|x64.Build.0 = Release|x64
		{EF869029-64F1-467F-BB9B-1D3B49EDECFA}.Debug|ORBIS.ActiveCfg = Debug|Win32
		{EF869029-64F1-467F-BB9B-1D3B49EDECFA}.Debug|Win32.ActiveCfg = Debug|Win32
		{EF869029-64F1-467F-BB9B-1D3B49EDECFA}.Debug|Win32.Build.0 = Debug|Win32
		{EF869029-64F1-467F-BB9B-1D3B49EDECFA}.Debug|x64.ActiveCfg = Debug|x64
		{EF869029-64F1-467F-BB9B-1D3B49EDECFA}.Debug|x64.Build.0 = Debug|x64
		{EF869029-64F1-467F-BB9B-1D3B49EDECFA}.MinSizeRel|ORBIS.ActiveCfg = Release|x64
		{EF869029-64F1-467F-BB9B-1D3B49EDECFA}.MinSizeRel|ORBIS.Build.0 = Release|x64
		{EF869029-64F1-467F-BB9B-1D3B49EDECFA}.MinSizeRel|Win32.ActiveCfg = Release|Win32
		{EF869029-64F1-467F-BB9B-1D3B49EDECFA}.MinSizeRel|Win32.Build.0 = Release|Win32
		{EF869029-64F1-467F-BB9B-1D3B49EDECFA}.MinSizeRel|x64.ActiveCfg = Release|x64
		{EF869029-64F1-467F-BB9B-1D3B49EDECFA}.MinSizeRel|x64.Build.0 = Release|x64
		{EF869029-64F1-467F-BB9B-1D3B49EDECFA}.Release|ORBIS.ActiveCfg = Release|Win32
		{EF869029-64F1-467F-BB9B-1D3B49EDECFA}.Release|Win32.ActiveCfg = Release|Win32
		{EF869029-64F1-467F-BB9B-1D3B49EDECFA}.Release|Win32.Build.0 = Release|Win32
		{EF869029-64F1-467F-BB9B-1D3B49EDECFA}.Release|x64.ActiveCfg = Release|x64
		{EF869029-64F1-467F-BB9B-1D3B49EDECFA}.Release|x64.Build.0 = Release|x64
		{EF869029-64F1-467F-BB9B-1D3B49EDECFA}.RelWithDebInfo|ORBIS.ActiveCfg = Release|x64
		{EF869029-64F1-467F-BB9B-1D3B49EDECFA}.RelWithDebInfo|ORBIS.Build.0 = Release|x64
		{EF869029-64F1-467F-BB9B-1D3B49EDECFA}.RelWithDebInfo|Win32.ActiveCfg = Release|Win32
		{EF869029-64F1-467F-BB9B-1D3B49EDECFA}.RelWithDebInfo|Win32.Build.0 = Release|Win32
		{EF869029-64F1-467F-BB9B-1D3B49EDECFA}.RelWithDebInfo|x64.ActiveCfg = Release|x64
		{EF869029-64F1-467F-BB9B-1D3B49EDECFA}.RelWithDebInfo|x64.Build.0 = Release|x64
		{F75A977F-2D2B-4D4A-A5E4-72905D38922A}.Debug|ORBIS.ActiveCfg = Debug|Win32
		{F75A977F-2D2B-4D4A-A5E4-72905D38922A}.Debug|Win32.ActiveCfg = Debug|Win32
		{F75A977F-2D2B-4D4A-A5E4-72905D38922A}.Debug|Win32.Build.0 = Debug|Win32
		{F75A977F-2D2B-4D4A-A5E4-72905D38922A}.Debug|x64.ActiveCfg = Debug|x64
		{F75A977F-2D2B-4D4A-A5E4-72905D38922A}.Debug|x64.Build.0 = Debug|x64
		{F75A977F-2D2B-4D4A-A5E4-72905D38922A}.MinSizeRel|ORBIS.ActiveCfg = Release|x64
		{F75A977F-2D2B-4D4A-A5E4-72905D38922A}.MinSizeRel|ORBIS.Build.0 = Release|x64
		{F75A977F-2D2B-4D4A-A5E4-72905D38922A}.MinSizeRel|Win32.ActiveCfg = Release|Win32
		{F75A977F-2D2B-4D4A-A5E4-72905D38922A}.MinSizeRel|Win32.Build.0 = Release|Win32
		{F75A977F-2D2B-4D4A-A5E4-72905D38922A}.MinSizeRel|x64.ActiveCfg = Release|x64
		{F75A977F-2D2B-4D4A-A5E4-72905D38922A}.MinSizeRel|x64.Build.0 = Release|x64
		{F75A977F-2D2B-4D4A-A5E4-72905D38922A}.Release|ORBIS.ActiveCfg = Release|Win32
		{F75A977F-2D2B-4D4A-A5E4-72905D38922A}.Release|Win32.ActiveCfg = Release|Win32
		{F75A977F-2D2B-4D4A-A5E4-72905D38922A}.Release|Win32.Build.0 = Release|Win32
		{F75A977F-2D2B-4D4A-A5E4-72905D38922A}.Release|x64.ActiveCfg = Release|x64
		{F75A977F-2D2B-4D4A-A5E4-72905D38922A}.Release|x64.Build.0 = Release|x64
		{F75A977F-2D2B-4D4A-A5E4-72905D38922A}.RelWithDebInfo|ORBIS.ActiveCfg = Release|x64
		{F75A977F-2D2B-4D4A-A5E4-72905D38922A}.RelWithDebInfo|ORBIS.Build.0 = Release|x64
		{F75A977F-2D2B-4D4A-A5E4-72905D38922A}.RelWithDebInfo|Win32.ActiveCfg = Release|Win32
		{F75A977F-2D2B-4D4A-A5E4-72905D38922A}.RelWithDebInfo|Win32.Build.0 = Release|Win32
		{F75A977F-2D2B-4D4A-A5E4-72905D38922A}.RelWithDebInfo|x64.ActiveCfg = Release|x64
		{F75A977F-2D2B-4D4A-A5E4-72905D38922A}.RelWithDebInfo|x64.Build.0 = Release|x64
		{F93B1523-C80E-4CFC-8A88-660866D29C10}.Debug|ORBIS.ActiveCfg = Debug|Win32
		{F93B1523-C80E-4CFC-8A88-660866D29C10}.Debug|Win32.ActiveCfg = Debug|Win32
		{F93B1523-C80E-4CFC-8A88-660866D29C10}.Debug|Win32.Build.0 = Debug|Win32
		{F93B1523-C80E-4CFC-8A88-660866D29C10}.Debug|x64.ActiveCfg = Debug|x64
		{F93B1523-C80E-4CFC-8A88-660866D29C10}.Debug|x64.Build.0 = Debug|x64
		{F93B1523-C80E-4CFC-8A88-660866D29C10}.MinSizeRel|ORBIS.ActiveCfg = Release|x64
		{F93B1523-C80E-4CFC-8A88-660866D29C10}.MinSizeRel|ORBIS.Build.0 = Release|x64
		{F93B1523-C80E-4CFC-8A88-660866D29C10}.MinSizeRel|Win32.ActiveCfg = Release|Win32
		{F93B1523-C80E-4CFC-8A88-660866D29C10}.MinSizeRel|Win32.Build.0 = Release|Win32
		{F93B1523-C80E-4CFC-8A88-660866D29C10}.MinSizeRel|x64.ActiveCfg = Release|x64
		{F93B1523-C80E-4CFC-8A88-660866D29C10}.MinSizeRel|x64.Build.0 = Release|x64
		{F93B1523-C80E-4CFC-8A88-660866D29C10}.Release|ORBIS.ActiveCfg = Release|Win32
		{F93B1523-C80E-4CFC-8A88-660866D29C10}.Release|Win32.ActiveCfg = Release|Win32
		{F93B1523-C80E-4CFC-8A88-660866D29C10}.Release|Win32.Build.0 = Release|Win32
		{F93B1523-C80E-4CFC-8A88-660866D29C10}.Release|x64.ActiveCfg = Release|x64
		{F93B1523-C80E-4CFC-8A88-660866D29C10}.Release|x64.Build.0 = Release|x64
		{F93B1523-C80E-4CFC-8A88-660866D29C10}.RelWithDebInfo|ORBIS.ActiveCfg = Release|x64
		{F93B1523-C80E-4CFC-8A88-660866D29C10}.RelWithDebInfo|ORBIS.Build.0 = Release|x64
		{F93B1523-C80E-4CFC-8A88-660866D29C10}.RelWithDebInfo|Win32.ActiveCfg = Release|Win32
		{F93B1523-C80E-4CFC-8A88-660866D29C10}.RelWithDebInfo|Win32.Build.0 = Release|Win32
		{F93B1523-C80E-4CFC-8A88-660866D29C10}.RelWithDebInfo|x64.ActiveCfg = Release|x64
		{F93B1523-C80E-4CFC-8A88-660866D29C10}.RelWithDebInfo|x64.Build.0 = Release|x64
		{86B67DBB-8D8A-4B90-9383-A95C534E2A01}.Debug|ORBIS.ActiveCfg = Debug|Win32
		{86B67DBB-8D8A-4B90-9383-A95C534E2A01}.Debug|Win32.ActiveCfg = Debug|Win32
		{86B67DBB-8D8A-4B90-9383-A95C534E2A01}.Debug|Win32.Build.0 = Debug|Win32
		{86B67DBB-8D8A-4B90-9383-A95C534E2A01}.Debug|x64.ActiveCfg = Debug|x64
		{86B67DBB-8D8A-4B90-9383-A95C534E2A01}.Debug|x64.Build.0 = Debug|x64
		{86B67DBB-8D8A-4B90-9383-A95C534E2A01}.MinSizeRel|ORBIS.ActiveCfg = Release|x64
		{86B67DBB-8D8A-4B90-9383-A95C534E2A01}.MinSizeRel|ORBIS.Build.0 = Release|x64
		{86B67DBB-8D8A-4B90-9383-A95C534E2A01}.MinSizeRel|Win32.ActiveCfg = Release|Win32
		{86B67DBB-8D8A-4B90-9383-A95C534E2A01}.MinSizeRel|Win32.Build.0 = Release|Win32
		{86B67DBB-8D8A-4B90-9383-A95C534E2A01}.MinSizeRel|x64.ActiveCfg = Release|x64
		{86B67DBB-8D8A-4B90-9383-A95C534E2A01}.MinSizeRel|x64.Build.0 = Release|x64
		{86B67DBB-8D8A-4B90-9383-A95C534E2A01}.Release|ORBIS.ActiveCfg = Release|Win32
		{86B67DBB-8D8A-4B90-9383-A95C534E2A01}.Release|Win32.ActiveCfg = Release|Win32
		{86B67DBB-8D8A-4B90-9383-A95C534E2A01}.Release|Win32.Build.0 = Release|Win32
		{86B67DBB-8D8A-4B90-9383-A95C534E2A01}.Release|x64.ActiveCfg = Release|x64
		{86B67DBB-8D8A-4B90-9383-A95C534E2A01}.Release|x64.Build.0 = Release|x64
		{86B67DBB-8D8A-4B90-9383-A95C534E2A01}.RelWithDebInfo|ORBIS.ActiveCfg = Release|x64
		{86B67DBB-8D8A-4B90-9383-A95C534E2A01}.RelWithDebInfo|ORBIS.Build.0 = Release|x64
		{86B67DBB-8D8A-4B90-9383-A95C534E2A01}.RelWithDebInfo|Win32.ActiveCfg = Release|Win32
		{86B67DBB-8D8A-4B90-9383-A95C534E2A01}.RelWithDebInfo|Win32.Build.0 = Release|Win32
		{86B67DBB-8D8A-4B90-9383-A95C534E2A01}.RelWithDebInfo|x64.ActiveCfg = Release|x64
		{86B67DBB-8D8A-4B90-9383-A95C534E2A01}.RelWithDebInfo|x64.Build.0 = Release|x64
		{124740DA-B6CB-4D9B-8C79-B8358B2A1D9F}.Debug|ORBIS.ActiveCfg = Debug|Win32
		{124740DA-B6CB-4D9B-8C79-B8358B2A1D9F}.Debug|Win32.ActiveCfg = Debug|Win32
		{124740DA-B6CB-4D9B-8C79-B8358B2A1D9F}.Debug|Win32.Build.0 = Debug|Win32
		{124740DA-B6CB-4D9B-8C79-B8358B2A1D9F}.Debug|x64.ActiveCfg = Debug|x64
		{124740DA-B6CB-4D9B-8C79-B8358B2A1D9F}.Debug|x64.Build.0 = Debug|x64
		{124740DA-B6CB-4D9B-8C79-B8358B2A1D9F}.MinSizeRel|ORBIS.ActiveCfg = Release|x64
		{124740DA-B6CB-4D9B-8C79-B8358B2A1D9F}.MinSizeRel|ORBIS.Build.0 = Release|x64
		{124740DA-B6CB-4D9B-8C79-B8358B2A1D9F}.MinSizeRel|Win32.ActiveCfg = Release|Win32
		{124740DA-B6CB-4D9B-8C79-B8358B2A1D9F}.MinSizeRel|Win32.Build.0 = Release|Win32
		{124740DA-B6CB-4D9B-8C79-B8358B2A1D9F}.MinSizeRel|x64.ActiveCfg = Release|x64
		{124740DA-B6CB-4D9B-8C79-B8358B2A1D9F}.MinSizeRel|x64.Build.0 = Release|x64
		{124740DA-B6CB-4D9B-8C79-B8358B2A1D9F}.Release|ORBIS.ActiveCfg = Release|Win32
		{124740DA-B6CB-4D9B-8C79-B8358B2A1D9F}.Release|Win32.ActiveCfg = Release|Win32
		{124740DA-B6CB-4D9B-8C79-B8358B2A1D9F}.Release|Win32.Build.0 = Release|Win32
		{124740DA-B6CB-4D9B-8C79-B8358B2A1D9F}.Release|x64.ActiveCfg = Release|x64
		{124740DA-B6CB-4D9B-8C79-B8358B2A1D9F}.Release|x64.Build.0 = Release|x64
		{124740DA-B6CB-4D9B-8C79-B8358B2A1D9F}.RelWithDebInfo|ORBIS.ActiveCfg = Release|x64
		{124740DA-B6CB-4D9B-8C79-B8358B2A1D9F}.RelWithDebInfo|ORBIS.Build.0 = Release|x64
		{124740DA-B6CB-4D9B-8C79-B8358B2A1D9F}.RelWithDebInfo|Win32.ActiveCfg = Release|Win32
		{124740DA-B6CB-4D9B-8C79-B8358B2A1D9F}.RelWithDebInfo|Win32.Build.0 = Release|Win32
		{124740DA-B6CB-4D9B-8C79-B8358B2A1D9F}.RelWithDebInfo|x64.ActiveCfg = Release|x64
		{124740DA-B6CB-4D9B-8C79-B8358B2A1D9F}.RelWithDebInfo|x64.Build.0 = Release|x64
		{327A139A-B8E4-448B-9655-7FDC1812F9CE}.Debug|ORBIS.ActiveCfg = Debug|Win32
		{327A139A-B8E4-448B-9655-7FDC1812F9CE}.Debug|Win32.ActiveCfg = Debug|Win32
		{327A139A-B8E4-448B-9655-7FDC1812F9CE}.Debug|Win32.Build.0 = Debug|Win32
		{327A139A-B8E4-448B-9655-7FDC1812F9CE}.Debug|x64.ActiveCfg = Debug|x64
		{327A139A-B8E4-448B-9655-7FDC1812F9CE}.Debug|x64.Build.0 = Debug|x64
		{327A139A-B8E4-448B-9655-7FDC1812F9CE}.MinSizeRel|ORBIS.ActiveCfg = Release|x64
		{327A139A-B8E4-448B-9655-7FDC1812F9CE}.MinSizeRel|ORBIS.Build.0 = Release|x64
		{327A139A-B8E4-448B-9655-7FDC1812F9CE}.MinSizeRel|Win32.ActiveCfg = Release|Win32
		{327A139A-B8E4-448B-9655-7FDC1812F9CE}.MinSizeRel|Win32.Build.0 = Release|Win32
		{327A139A-B8E4-448B-9655-7FDC1812F9CE}.MinSizeRel|x64.ActiveCfg = Release|x64
		{327A139A-B8E4-448B-9655-7FDC1812F9CE}.MinSizeRel|x64.Build.0 = Release|x64
		{327A139A-B8E4-448B-9655-7FDC1812F9CE}.Release|ORBIS.ActiveCfg = Release|Win32
		{327A139A-B8E4-448B-9655-7FDC1812F9CE}.Release|Win32.ActiveCfg = Release|Win32
		{327A139A-B8E4-448B-9655-7FDC1812F9CE}.Release|Win32.Build.0 = Release|Win32
		{327A139A-B8E4-448B-9655-7FDC1812F9CE}.Release|x64.ActiveCfg = Release|x64
		{327A139A-B8E4-448B-9655-7FDC1812F9CE}.Release|x64.Build.0 = Release|x64
		{327A139A-B8E4-448B-9655-7FDC1812F9CE}.RelWithDebInfo|ORBIS.ActiveCfg = Release|x64
		{327A139A-B8E4-448B-9655-7FDC1812F9CE}.RelWithDebInfo|ORBIS.Build.0 = Release|x64
		{327A139A-B8E4-448B-9655-7FDC1812F9CE}.RelWithDebInfo|Win32.ActiveCfg = Release|Win32
		{327A139A-B8E4-448B-9655-7FDC1812F9CE}.RelWithDebInfo|Win32.Build.0 = Release|Win32
		{327A139A-B8E4-448B-9655-7FDC1812F9CE}.RelWithDebInfo|x64.ActiveCfg = Release|x64
		{327A139A-B8E4-448B-9655-7FDC1812F9CE}.RelWithDebInfo|x64.Build.0 = Release|x64
		{0CD8A1CF-9844-9A45-99A7-6D5DBD4A1E4B}.Debug|ORBIS.ActiveCfg = Debug|Win32
		{0CD8A1CF-9844-9A45-99A7-6D5DBD4A1E4B}.Debug|Win32.ActiveCfg = Debug|Win32
		{0CD8A1CF-9844-9A45-99A7-6D5DBD4A1E4B}.Debug|Win32.Build.0 = Debug|Win32
		{0CD8A1CF-9844-9A45-99A7-6D5DBD4A1E4B}.Debug|x64.ActiveCfg = Debug|x64
		{0CD8A1CF-9844-9A45-99A7-6D5DBD4A1E4B}.Debug|x64.Build.0 = Debug|x64
		{0CD8A1CF-9844-9A45-99A7-6D5DBD4A1E4B}.MinSizeRel|ORBIS.ActiveCfg = Release|x64
		{0CD8A1CF-9844-9A45-99A7-6D5DBD4A1E4B}.MinSizeRel|ORBIS.Build.0 = Release|x64
		{0CD8A1CF-9844-9A45-99A7-6D5DBD4A1E4B}.MinSizeRel|Win32.ActiveCfg = Release|Win32
		{0CD8A1CF-9844-9A45-99A7-6D5DBD4A1E4B}.MinSizeRel|Win32.Build.0 = Release|Win32
		{0CD8A1CF-9844-9A45-99A7-6D5DBD4A1E4B}.MinSizeRel|x64.ActiveCfg = Release|x64
		{0CD8A1CF-9844-9A45-99A7-6D5DBD4A1E4B}.MinSizeRel|x64.Build.0 = Release|x64
		{0CD8A1CF-9844-9A45-99A7-6D5DBD4A1E4B}.Release|ORBIS.ActiveCfg = Release|Win32
		{0CD8A1CF-9844-9A45-99A7-6D5DBD4A1E4B}.Release|Win32.ActiveCfg = Release|Win32
		{0CD8A1CF-9844-9A45-99A7-6D5DBD4A1E4B}.Release|Win32.Build.0 = Release|Win32
		{0CD8A1CF-9844-9A45-99A7-6D5DBD4A1E4B}.Release|x64.ActiveCfg = Release|x64
		{0CD8A1CF-9844-9A45-99A7-6D5DBD4A1E4B}.Release|x64.Build.0 = Release|x64
		{0CD8A1CF-9844-9A45-99A7-6D5DBD4A1E4B}.RelWithDebInfo|ORBIS.ActiveCfg = Release|x64
		{0CD8A1CF-9844-9A45-99A7-6D5DBD4A1E4B}.RelWithDebInfo|ORBIS.Build.0 = Release|x64
		{0CD8A1CF-9844-9A45-99A7-6D5DBD4A1E4B}.RelWithDebInfo|Win32.ActiveCfg = Release|Win32
		{0CD8A1CF-9844-9A45-99A7-6D5DBD4A1E4B}.RelWithDebInfo|Win32.Build.0 = Release|Win32
		{0CD8A1CF-9844-9A45-99A7-6D5DBD4A1E4B}.RelWithDebInfo|x64.ActiveCfg = Release|x64
		{0CD8A1CF-9844-9A45-99A7-6D5DBD4A1E4B}.RelWithDebInfo|x64.Build.0 = Release|x64
		{0040465F-18CC-4046-B4B6-FD41AA072729}.Debug|ORBIS.ActiveCfg = Debug|Win32
		{0040465F-18CC-4046-B4B6-FD41AA072729}.Debug|Win32.ActiveCfg = Debug|Win32
		{0040465F-18CC-4046-B4B6-FD41AA072729}.Debug|Win32.Build.0 = Debug|Win32
		{0040465F-18CC-4046-B4B6-FD41AA072729}.Debug|x64.ActiveCfg = Debug|x64
		{0040465F-18CC-4046-B4B6-FD41AA072729}.Debug|x64.Build.0 = Debug|x64
		{0040465F-18CC-4046-B4B6-FD41AA072729}.MinSizeRel|ORBIS.ActiveCfg = Release|x64
		{0040465F-18CC-4046-B4B6-FD41AA072729}.MinSizeRel|ORBIS.Build.0 = Release|x64
		{0040465F-18CC-4046-B4B6-FD41AA072729}.MinSizeRel|Win32.ActiveCfg = Release|Win32
		{0040465F-18CC-4046-B4B6-FD41AA072729}.MinSizeRel|Win32.Build.0 = Release|Win32
		{0040465F-18CC-4046-B4B6-FD41AA072729}.MinSizeRel|x64.ActiveCfg = Release|x64
		{0040465F-18CC-4046-B4B6-FD41AA072729}.MinSizeRel|x64.Build.0 = Release|x64
		{0040465F-18CC-4046-B4B6-FD41AA072729}.Release|ORBIS.ActiveCfg = Release|Win32
		{0040465F-18CC-4046-B4B6-FD41AA072729}.Release|Win32.ActiveCfg = Release|Win32
		{0040465F-18CC-4046-B4B6-FD41AA072729}.Release|Win32.Build.0 = Release|Win32
		{0040465F-18CC-4046-B4B6-FD41AA072729}.Release|x64.ActiveCfg = Release|x64
		{0040465F-18CC-4046-B4B6-FD41AA072729}.Release|x64.Build.0 = Release|x64
		{0040465F-18CC-4046-B4B6-FD41AA072729}.RelWithDebInfo|ORBIS.ActiveCfg = Release|x64
		{0040465F-18CC-4046-B4B6-FD41AA072729}.RelWithDebInfo|ORBIS.Build.0 = Release|x64
		{0040465F-18CC-4046-B4B6-FD41AA072729}.RelWithDebInfo|Win32.ActiveCfg = Release|Win32
		{0040465F-18CC-4046-B4B6-FD41AA072729}.RelWithDebInfo|Win32.Build.0 = Release|Win32
		{0040465F-18CC-4046-B4B6-FD41AA072729}.RelWithDebInfo|x64.ActiveCfg = Release|x64
		{0040465F-18CC-4046-B4B6-FD41AA072729}.RelWithDebInfo|x64.Build.0 = Release|x64
		{34EEBA63-1275-F64A-B327-7451BE0F6B22}.Debug|ORBIS.ActiveCfg = Debug|Win32
		{34EEBA63-1275-F64A-B327-7451BE0F6B22}.Debug|Win32.ActiveCfg = Debug|Win32
		{34EEBA63-1275-F64A-B327-7451BE0F6B22}.Debug|Win32.Build.0 = Debug|Win32
		{34EEBA63-1275-F64A-B327-7451BE0F6B22}.Debug|x64.ActiveCfg = Debug|x64
		{34EEBA63-1275-F64A-B327-7451BE0F6B22}.Debug|x64.Build.0 = Debug|x64
		{34EEBA63-1275-F64A-B327-7451BE0F6B22}.MinSizeRel|ORBIS.ActiveCfg = Release|x64
		{34EEBA63-1275-F64A-B327-7451BE0F6B22}.MinSizeRel|ORBIS.Build.0 = Release|x64
		{34EEBA63-1275-F64A-B327-7451BE0F6B22}.MinSizeRel|Win32.ActiveCfg = Release|Win32
		{34EEBA63-1275-F64A-B327-7451BE0F6B22}.MinSizeRel|Win32.Build.0 = Release|Win32
		{34EEBA63-1275-F64A-B327-7451BE0F6B22}.MinSizeRel|x64.ActiveCfg = Release|x64
		{34EEBA63-1275-F64A-B327-7451BE0F6B22}.MinSizeRel|x64.Build.0 = Release|x64
		{34EEBA63-1275-F64A-B327-7451BE0F6B22}.Release|ORBIS.ActiveCfg = Release|Win32
		{34EEBA63-1275-F64A-B327-7451BE0F6B22}.Release|Win32.ActiveCfg = Release|Win32
		{34EEBA63-1275-F64A-B327-7451BE0F6B22}.Release|Win32.Build.0 = Release|Win32
		{34EEBA63-1275-F64A-B327-7451BE0F6B22}.Release|x64.ActiveCfg = Release|x64
		{34EEBA63-1275-F64A-B327-7451BE0F6B22}.Release|x64.Build.0 = Release|x64
		{34EEBA63-1275-F64A-B327-7451BE0F6B22}.RelWithDebInfo|ORBIS.ActiveCfg = Release|x64
		{34EEBA63-1275-F64A-B327-7451BE0F6B22}.RelWithDebInfo|ORBIS.Build.0 = Release|x64
		{34EEBA63-1275-F64A-B327-7451BE0F6B22}.RelWithDebInfo|Win32.ActiveCfg = Release|Win32
		{34EEBA63-1275-F64A-B327-7451BE0F6B22}.RelWithDebInfo|Win32.Build.0 = Release|Win32
		{34EEBA63-1275-F64A-B327-7451BE0F6B22}.RelWithDebInfo|x64.ActiveCfg = Release|x64
		{34EEBA63-1275-F64A-B327-7451BE0F6B22}.RelWithDebInfo|x64.Build.0 = Release|x64
		{3141FF89-BD01-9D4A-B488-6EA0F0F86179}.Debug|ORBIS.ActiveCfg = Debug|Win32
		{3141FF89-BD01-9D4A-B488-6EA0F0F86179}.Debug|Win32.ActiveCfg = Debug|Win32
		{3141FF89-BD01-9D4A-B488-6EA0F0F86179}.Debug|Win32.Build.0 = Debug|Win32
		{3141FF89-BD01-9D4A-B488-6EA0F0F86179}.Debug|x64.ActiveCfg = Debug|x64
		{3141FF89-BD01-9D4A-B488-6EA0F0F86179}.Debug|x64.Build.0 = Debug|x64
		{3141FF89-BD01-9D4A-B488-6EA0F0F86179}.MinSizeRel|ORBIS.ActiveCfg = Release|x64
		{3141FF89-BD01-9D4A-B488-6EA0F0F86179}.MinSizeRel|ORBIS.Build.0 = Release|x64
		{3141FF89-BD01-9D4A-B488-6EA0F0F86179}.MinSizeRel|Win32.ActiveCfg = Release|Win32
		{3141FF89-BD01-9D4A-B488-6EA0F0F86179}.MinSizeRel|Win32.Build.0 = Release|Win32
		{3141FF89-BD01-9D4A-B488-6EA0F0F86179}.MinSizeRel|x64.ActiveCfg = Release|x64
		{3141FF89-BD01-9D4A-B488-6EA0F0F86179}.MinSizeRel|x64.Build.0 = Release|x64
		{3141FF89-BD01-9D4A-B488-6EA0F0F86179}.Release|ORBIS.ActiveCfg = Release|Win32
		{3141FF89-BD01-9D4A-B488-6EA0F0F86179}.Release|Win32.ActiveCfg = Release|Win32
		{3141FF89-BD01-9D4A-B488-6EA0F0F86179}.Release|Win32.Build.0 = Release|Win32
		{3141FF89-BD01-9D4A-B488-6EA0F0F86179}.Release|x64.ActiveCfg = Release|x64
		{3141FF89-BD01-9D4A-B488-6EA0F0F86179}.Release|x64.Build.0 = Release|x64
		{3141FF89-BD01-9D4A-B488-6EA0F0F86179}.RelWithDebInfo|ORBIS.ActiveCfg = Release|x64
		{3141FF89-BD01-9D4A-B488-6EA0F0F86179}.RelWithDebInfo|ORBIS.Build.0 = Release|x64
		{3141FF89-BD01-9D4A-B488-6EA0F0F86179}.RelWithDebInfo|Win32.ActiveCfg = Release|Win32
		{3141FF89-BD01-9D4A-B488-6EA0F0F86179}.RelWithDebInfo|Win32.Build.0 = Release|Win32
		{3141FF89-BD01-9D4A-B488-6EA0F0F86179}.RelWithDebInfo|x64.ActiveCfg = Release|x64
		{3141FF89-BD01-9D4A-B488-6EA0F0F86179}.RelWithDebInfo|x64.Build.0 = Release|x64
		{0468544D-73ED-DF41-B9AD-F37656AD06A2}.Debug|ORBIS.ActiveCfg = Debug|Win32
		{0468544D-73ED-DF41-B9AD-F37656AD06A2}.Debug|Win32.ActiveCfg = Debug|Win32
		{0468544D-73ED-DF41-B9AD-F37656AD06A2}.Debug|Win32.Build.0 = Debug|Win32
		{0468544D-73ED-DF41-B9AD-F37656AD06A2}.Debug|x64.ActiveCfg = Debug|x64
		{0468544D-73ED-DF41-B9AD-F37656AD06A2}.Debug|x64.Build.0 = Debug|x64
		{0468544D-73ED-DF41-B9AD-F37656AD06A2}.MinSizeRel|ORBIS.ActiveCfg = Release|x64
		{0468544D-73ED-DF41-B9AD-F37656AD06A2}.MinSizeRel|ORBIS.Build.0 = Release|x64
		{0468544D-73ED-DF41-B9AD-F37656AD06A2}.MinSizeRel|Win32.ActiveCfg = Release|Win32
		{0468544D-73ED-DF41-B9AD-F37656AD06A2}.MinSizeRel|Win32.Build.0 = Release|Win32
		{0468544D-73ED-DF41-B9AD-F37656AD06A2}.MinSizeRel|x64.ActiveCfg = Release|x64
		{0468544D-73ED-DF41-B9AD-F37656AD06A2}.MinSizeRel|x64.Build.0 = Release|x64
		{0468544D-73ED-DF41-B9AD-F37656AD06A2}.Release|ORBIS.ActiveCfg = Release|Win32
		{0468544D-73ED-DF41-B9AD-F37656AD06A2}.Release|Win32.ActiveCfg = Release|Win32
		{0468544D-73ED-DF41-B9AD-F37656AD06A2}.Release|Win32.Build.0 = Release|Win32
		{0468544D-73ED-DF41-B9AD-F37656AD06A2}.Release|x64.ActiveCfg = Release|x64
		{0468544D-73ED-DF41-B9AD-F37656AD06A2}.Release|x64.Build.0 = Release|x64
		{0468544D-73ED-DF41-B9AD-F37656AD06A2}.RelWithDebInfo|ORBIS.ActiveCfg = Release|x64
		{0468544D-73ED-DF41-B9AD-F37656AD06A2}.RelWithDebInfo|ORBIS.Build.0 = Release|x64
		{0468544D-73ED-DF41-B9AD-F37656AD06A2}.RelWithDebInfo|Win32.ActiveCfg = Release|Win32
		{0468544D-73ED-DF41-B9AD-F37656AD06A2}.RelWithDebInfo|Win32.Build.0 = Release|Win32
		{0468544D-73ED-DF41-B9AD-F37656AD06A2}.RelWithDebInfo|x64.ActiveCfg = Release|x64
		{0468544D-73ED-DF41-B9AD-F37656AD06A2}.RelWithDebInfo|x64.Build.0 = Release|x64
		{64B64A5B-CA3E-0B42-80DD-9164BF7A04C1}.Debug|ORBIS.ActiveCfg = Debug|Win32
		{64B64A5B-CA3E-0B42-80DD-9164BF7A04C1}.Debug|Win32.ActiveCfg = Debug|Win32
		{64B64A5B-CA3E-0B42-80DD-9164BF7A04C1}.Debug|Win32.Build.0 = Debug|Win32
		{64B64A5B-CA3E-0B42-80DD-9164BF7A04C1}.Debug|x64.ActiveCfg = Debug|x64
		{64B64A5B-CA3E-0B42-80DD-9164BF7A04C1}.Debug|x64.Build.0 = Debug|x64
		{64B64A5B-CA3E-0B42-80DD-9164BF7A04C1}.MinSizeRel|ORBIS.ActiveCfg = Release|x64
		{64B64A5B-CA3E-0B42-80DD-9164BF7A04C1}.MinSizeRel|ORBIS.Build.0 = Release|x64
		{64B64A5B-CA3E-0B42-80DD-9164BF7A04C1}.MinSizeRel|Win32.ActiveCfg = Release|Win32
		{64B64A5B-CA3E-0B42-80DD-9164BF7A04C1}.MinSizeRel|Win32.Build.0 = Release|Win32
		{64B64A5B-CA3E-0B42-80DD-9164BF7A04C1}.MinSizeRel|x64.ActiveCfg = Release|x64
		{64B64A5B-CA3E-0B42-80DD-9164BF7A04C1}.MinSizeRel|x64.Build.0 = Release|x64
		{64B64A5B-CA3E-0B42-80DD-9164BF7A04C1}.Release|ORBIS.ActiveCfg = Release|Win32
		{64B64A5B-CA3E-0B42-80DD-9164BF7A04C1}.Release|Win32.ActiveCfg = Release|Win32
		{64B64A5B-CA3E-0B42-80DD-9164BF7A04C1}.Release|Win32.Build.0 = Release|Win32
		{64B64A5B-CA3E-0B42-80DD-9164BF7A04C1}.Release|x64.ActiveCfg = Release|x64
		{64B64A5B-CA3E-0B42-80DD-9164BF7A04C1}.Release|x64.Build.0 = Release|x64
		{64B64A5B-CA3E-0B42-80DD-9164BF7A04C1}.RelWithDebInfo|ORBIS.ActiveCfg = Release|x64
		{64B64A5B-CA3E-0B42-80DD-9164BF7A04C1}.RelWithDebInfo|ORBIS.Build.0 = Release|x64
		{64B64A5B-CA3E-0B42-80DD-9164BF7A04C1}.RelWithDebInfo|Win32.ActiveCfg = Release|Win32
		{64B64A5B-CA3E-0B42-80DD-9164BF7A04C1}.RelWithDebInfo|Win32.Build.0 = Release|Win32
		{64B64A5B-CA3E-0B42-80DD-9164BF7A04C1}.RelWithDebInfo|x64.ActiveCfg = Release|x64
		{64B64A5B-CA3E-0B42-80DD-9164BF7A04C1}.RelWithDebInfo|x64.Build.0 = Release|x64
		{4EE82934-BF3F-4045-8E46-638A8DE790F7}.Debug|ORBIS.ActiveCfg = Debug|Win32
		{4EE82934-BF3F-4045-8E46-638A8DE790F7}.Debug|Win32.ActiveCfg = Debug|Win32
		{4EE82934-BF3F-4045-8E46-638A8DE790F7}.Debug|Win32.Build.0 = Debug|Win32
		{4EE82934-BF3F-4045-8E46-638A8DE790F7}.Debug|x64.ActiveCfg = Debug|x64
		{4EE82934-BF3F-4045-8E46-638A8DE790F7}.Debug|x64.Build.0 = Debug|x64
		{4EE82934-BF3F-4045-8E46-638A8DE790F7}.MinSizeRel|ORBIS.ActiveCfg = Release|x64
		{4EE82934-BF3F-4045-8E46-638A8DE790F7}.MinSizeRel|ORBIS.Build.0 = Release|x64
		{4EE82934-BF3F-4045-8E46-638A8DE790F7}.MinSizeRel|Win32.ActiveCfg = Release|Win32
		{4EE82934-BF3F-4045-8E46-638A8DE790F7}.MinSizeRel|Win32.Build.0 = Release|Win32
		{4EE82934-BF3F-4045-8E46-638A8DE790F7}.MinSizeRel|x64.ActiveCfg = Release|x64
		{4EE82934-BF3F-4045-8E46-638A8DE790F7}.MinSizeRel|x64.Build.0 = Release|x64
		{4EE82934-BF3F-4045-8E46-638A8DE790F7}.Release|ORBIS.ActiveCfg = Release|Win32
		{4EE82934-BF3F-4045-8E46-638A8DE790F7}.Release|Win32.ActiveCfg = Release|Win32
		{4EE82934-BF3F-4045-8E46-638A8DE790F7}.Release|Win32.Build.0 = Release|Win32
		{4EE82934-BF3F-4045-8E46-638A8DE790F7}.Release|x64.ActiveCfg = Release|x64
		{4EE82934-BF3F-4045-8E46-638A8DE790F7}.Release|x64.Build.0 = Release|x64
		{4EE82934-BF3F-4045-8E46-638A8DE790F7}.RelWithDebInfo|ORBIS.ActiveCfg = Release|x64
		{4EE82934-BF3F-4045-8E46-638A8DE790F7}.RelWithDebInfo|ORBIS.Build.0 = Release|x64
		{4EE82934-BF3F-4045-8E46-638A8DE790F7}.RelWithDebInfo|Win32.ActiveCfg = Release|Win32
		{4EE82934-BF3F-4045-8E46-638A8DE790F7}.RelWithDebInfo|Win32.Build.0 = Release|Win32
		{4EE82934-BF3F-4045-8E46-638A8DE790F7}.RelWithDebInfo|x64.ActiveCfg = Release|x64
		{4EE82934-BF3F-4045-8E46-638A8DE790F7}.RelWithDebInfo|x64.Build.0 = Release|x64
		{8E45C2D7-F111-EC41-B892-25818A3EF3A2}.Debug|ORBIS.ActiveCfg = Debug|Win32
		{8E45C2D7-F111-EC41-B892-25818A3EF3A2}.Debug|Win32.ActiveCfg = Debug|Win32
		{8E45C2D7-F111-EC41-B892-25818A3EF3A2}.Debug|Win32.Build.0 = Debug|Win32
		{8E45C2D7-F111-EC41-B892-25818A3EF3A2}.Debug|x64.ActiveCfg = Debug|x64
		{8E45C2D7-F111-EC41-B892-25818A3EF3A2}.Debug|x64.Build.0 = Debug|x64
		{8E45C2D7-F111-EC41-B892-25818A3EF3A2}.MinSizeRel|ORBIS.ActiveCfg = Release|x64
		{8E45C2D7-F111-EC41-B892-25818A3EF3A2}.MinSizeRel|ORBIS.Build.0 = Release|x64
		{8E45C2D7-F111-EC41-B892-25818A3EF3A2}.MinSizeRel|Win32.ActiveCfg = Release|Win32
		{8E45C2D7-F111-EC41-B892-25818A3EF3A2}.MinSizeRel|Win32.Build.0 = Release|Win32
		{8E45C2D7-F111-EC41-B892-25818A3EF3A2}.MinSizeRel|x64.ActiveCfg = Release|x64
		{8E45C2D7-F111-EC41-B892-25818A3EF3A2}.MinSizeRel|x64.Build.0 = Release|x64
		{8E45C2D7-F111-EC41-B892-25818A3EF3A2}.Release|ORBIS.ActiveCfg = Release|Win32
		{8E45C2D7-F111-EC41-B892-25818A3EF3A2}.Release|Win32.ActiveCfg = Release|Win32
		{8E45C2D7-F111-EC41-B892-25818A3EF3A2}.Release|Win32.Build.0 = Release|Win32
		{8E45C2D7-F111-EC41-B892-25818A3EF3A2}.Release|x64.ActiveCfg = Release|x64
		{8E45C2D7-F111-EC41-B892-25818A3EF3A2}.Release|x64.Build.0 = Release|x64
		{8E45C2D7-F111-EC41-B892-25818A3EF3A2}.RelWithDebInfo|ORBIS.ActiveCfg = Release|x64
		{8E45C2D7-F111-EC41-B892-25818A3EF3A2}.RelWithDebInfo|ORBIS.Build.0 = Release|x64
		{8E45C2D7-F111-EC41-B892-25818A3EF3A2}.RelWithDebInfo|Win32.ActiveCfg = Release|Win32
		{8E45C2D7-F111-EC41-B892-25818A3EF3A2}.RelWithDebInfo|Win32.Build.0 = Release|Win32
		{8E45C2D7-F111-EC41-B892-25818A3EF3A2}.RelWithDebInfo|x64.ActiveCfg = Release|x64
		{8E45C2D7-F111-EC41-B892-25818A3EF3A2}.RelWithDebInfo|x64.Build.0 = Release|x64
		{6D7C971C-C172-EB4E-9821-2A79AFC74BDE}.Debug|ORBIS.ActiveCfg = Debug|Win32
		{6D7C971C-C172-EB4E-9821-2A79AFC74BDE}.Debug|Win32.ActiveCfg = Debug|Win32
		{6D7C971C-C172-EB4E-9821-2A79AFC74BDE}.Debug|Win32.Build.0 = Debug|Win32
		{6D7C971C-C172-EB4E-9821-2A79AFC74BDE}.Debug|x64.ActiveCfg = Debug|x64
		{6D7C971C-C172-EB4E-9821-2A79AFC74BDE}.Debug|x64.Build.0 = Debug|x64
		{6D7C971C-C172-EB4E-9821-2A79AFC74BDE}.MinSizeRel|ORBIS.ActiveCfg = Release|x64
		{6D7C971C-C172-EB4E-9821-2A79AFC74BDE}.MinSizeRel|ORBIS.Build.0 = Release|x64
		{6D7C971C-C172-EB4E-9821-2A79AFC74BDE}.MinSizeRel|Win32.ActiveCfg = Release|Win32
		{6D7C971C-C172-EB4E-9821-2A79AFC74BDE}.MinSizeRel|Win32.Build.0 = Release|Win32
		{6D7C971C-C172-EB4E-9821-2A79AFC74BDE}.MinSizeRel|x64.ActiveCfg = Release|x64
		{6D7C971C-C172-EB4E-9821-2A79AFC74BDE}.MinSizeRel|x64.Build.0 = Release|x64
		{6D7C971C-C172-EB4E-9821-2A79AFC74BDE}.Release|ORBIS.ActiveCfg = Release|Win32
		{6D7C971C-C172-EB4E-9821-2A79AFC74BDE}.Release|Win32.ActiveCfg = Release|Win32
		{6D7C971C-C172-EB4E-9821-2A79AFC74BDE}.Release|Win32.Build.0 = Release|Win32
		{6D7C971C-C172-EB4E-9821-2A79AFC74BDE}.Release|x64.ActiveCfg = Release|x64
		{6D7C971C-C172-EB4E-9821-2A79AFC74BDE}.Release|x64.Build.0 = Release|x64
		{6D7C971C-C172-EB4E-9821-2A79AFC74BDE}.RelWithDebInfo|ORBIS.ActiveCfg = Release|x64
		{6D7C971C-C172-EB4E-9821-2A79AFC74BDE}.RelWithDebInfo|ORBIS.Build.0 = Release|x64
		{6D7C971C-C172-EB4E-9821-2A79AFC74BDE}.RelWithDebInfo|Win32.ActiveCfg = Release|Win32
		{6D7C971C-C172-EB4E-9821-2A79AFC74BDE}.RelWithDebInfo|Win32.Build.0 = Release|Win32
		{6D7C971C-C172-EB4E-9821-2A79AFC74BDE}.RelWithDebInfo|x64.ActiveCfg = Release|x64
		{6D7C971C-C172-EB4E-9821-2A79AFC74BDE}.RelWithDebInfo|x64.Build.0 = Release|x64
		{BEDF3D4C-7D1C-FD46-9C7E-E40E4635F2EB}.Debug|ORBIS.ActiveCfg = Debug|Win32
		{BEDF3D4C-7D1C-FD46-9C7E-E40E4635F2EB}.Debug|Win32.ActiveCfg = Debug|Win32
		{BEDF3D4C-7D1C-FD46-9C7E-E40E4635F2EB}.Debug|Win32.Build.0 = Debug|Win32
		{BEDF3D4C-7D1C-FD46-9C7E-E40E4635F2EB}.Debug|x64.ActiveCfg = Debug|x64
		{BEDF3D4C-7D1C-FD46-9C7E-E40E4635F2EB}.Debug|x64.Build.0 = Debug|x64
		{BEDF3D4C-7D1C-FD46-9C7E-E40E4635F2EB}.MinSizeRel|ORBIS.ActiveCfg = Release|x64
		{BEDF3D4C-7D1C-FD46-9C7E-E40E4635F2EB}.MinSizeRel|ORBIS.Build.0 = Release|x64
		{BEDF3D4C-7D1C-FD46-9C7E-E40E4635F2EB}.MinSizeRel|Win32.ActiveCfg = Release|Win32
		{BEDF3D4C-7D1C-FD46-9C7E-E40E4635F2EB}.MinSizeRel|Win32.Build.0 = Release|Win32
		{BEDF3D4C-7D1C-FD46-9C7E-E40E4635F2EB}.MinSizeRel|x64.ActiveCfg = Release|x64
		{BEDF3D4C-7D1C-FD46-9C7E-E40E4635F2EB}.MinSizeRel|x64.Build.0 = Release|x64
		{BEDF3D4C-7D1C-FD46-9C7E-E40E4635F2EB}.Release|ORBIS.ActiveCfg = Release|Win32
		{BEDF3D4C-7D1C-FD46-9C7E-E40E4635F2EB}.Release|Win32.ActiveCfg = Release|Win32
		{BEDF3D4C-7D1C-FD46-9C7E-E40E4635F2EB}.Release|Win32.Build.0 = Release|Win32
		{BEDF3D4C-7D1C-FD46-9C7E-E40E4635F2EB}.Release|x64.ActiveCfg = Release|x64
		{BEDF3D4C-7D1C-FD46-9C7E-E40E4635F2EB}.Release|x64.Build.0 = Release|x64
		{BEDF3D4C-7D1C-FD46-9C7E-E40E4635F2EB}.RelWithDebInfo|ORBIS.ActiveCfg = Release|x64
		{BEDF3D4C-7D1C-FD46-9C7E-E40E4635F2EB}.RelWithDebInfo|ORBIS.Build.0 = Release|x64
		{BEDF3D4C-7D1C-FD46-9C7E-E40E4635F2EB}.RelWithDebInfo|Win32.ActiveCfg = Release|Win32
		{BEDF3D4C-7D1C-FD46-9C7E-E40E4635F2EB}.RelWithDebInfo|Win32.Build.0 = Release|Win32
		{BEDF3D4C-7D1C-FD46-9C7E-E40E4635F2EB}.RelWithDebInfo|x64.ActiveCfg = Release|x64
		{BEDF3D4C-7D1C-FD46-9C7E-E40E4635F2EB}.RelWithDebInfo|x64.Build.0 = Release|x64
		{611B2A7D-9A3A-FB45-A269-08899E1051D5}.Debug|ORBIS.ActiveCfg = Debug|Win32
		{611B2A7D-9A3A-FB45-A269-08899E1051D5}.Debug|Win32.ActiveCfg = Debug|Win32
		{611B2A7D-9A3A-FB45-A269-08899E1051D5}.Debug|Win32.Build.0 = Debug|Win32
		{611B2A7D-9A3A-FB45-A269-08899E1051D5}.Debug|x64.ActiveCfg = Debug|x64
		{611B2A7D-9A3A-FB45-A269-08899E1051D5}.Debug|x64.Build.0 = Debug|x64
		{611B2A7D-9A3A-FB45-A269-08899E1051D5}.MinSizeRel|ORBIS.ActiveCfg = Release|x64
		{611B2A7D-9A3A-FB45-A269-08899E1051D5}.MinSizeRel|ORBIS.Build.0 = Release|x64
		{611B2A7D-9A3A-FB45-A269-08899E1051D5}.MinSizeRel|Win32.ActiveCfg = Release|Win32
		{611B2A7D-9A3A-FB45-A269-08899E1051D5}.MinSizeRel|Win32.Build.0 = Release|Win32
		{611B2A7D-9A3A-FB45-A269-08899E1051D5}.MinSizeRel|x64.ActiveCfg = Release|x64
		{611B2A7D-9A3A-FB45-A269-08899E1051D5}.MinSizeRel|x64.Build.0 = Release|x64
		{611B2A7D-9A3A-FB45-A269-08899E1051D5}.Release|ORBIS.ActiveCfg = Release|Win32
		{611B2A7D-9A3A-FB45-A269-08899E1051D5}.Release|Win32.ActiveCfg = Release|Win32
		{611B2A7D-9A3A-FB45-A269-08899E1051D5}.Release|Win32.Build.0 = Release|Win32
		{611B2A7D-9A3A-FB45-A269-08899E1051D5}.Release|x64.ActiveCfg = Release|x64
		{611B2A7D-9A3A-FB45-A269-08899E1051D5}.Release|x64.Build.0 = Release|x64
		{611B2A7D-9A3A-FB45-A269-08899E1051D5}.RelWithDebInfo|ORBIS.ActiveCfg = Release|x64
		{611B2A7D-9A3A-FB45-A269-08899E1051D5}.RelWithDebInfo|ORBIS.Build.0 = Release|x64
		{611B2A7D-9A3A-FB45-A269-08899E1051D5}.RelWithDebInfo|Win32.ActiveCfg = Release|Win32
		{611B2A7D-9A3A-FB45-A269-08899E1051D5}.RelWithDebInfo|Win32.Build.0 = Release|Win32
		{611B2A7D-9A3A-FB45-A269-08899E1051D5}.RelWithDebInfo|x64.ActiveCfg = Release|x64
		{611B2A7D-9A3A-FB45-A269-08899E1051D5}.RelWithDebInfo|x64.Build.0 = Release|x64
		{20FC585A-D458-D94B-A7F1-D277FA120794}.Debug|ORBIS.ActiveCfg = Debug|Win32
		{20FC585A-D458-D94B-A7F1-D277FA120794}.Debug|Win32.ActiveCfg = Debug|Win32
		{20FC585A-D458-D94B-A7F1-D277FA120794}.Debug|Win32.Build.0 = Debug|Win32
		{20FC585A-D458-D94B-A7F1-D277FA120794}.Debug|x64.ActiveCfg = Debug|x64
		{20FC585A-D458-D94B-A7F1-D277FA120794}.Debug|x64.Build.0 = Debug|x64
		{20FC585A-D458-D94B-A7F1-D277FA120794}.MinSizeRel|ORBIS.ActiveCfg = Release|x64
		{20FC585A-D458-D94B-A7F1-D277FA120794}.MinSizeRel|ORBIS.Build.0 = Release|x64
		{20FC585A-D458-D94B-A7F1-D277FA120794}.MinSizeRel|Win32.ActiveCfg = Release|Win32
		{20FC585A-D458-D94B-A7F1-D277FA120794}.MinSizeRel|Win32.Build.0 = Release|Win32
		{20FC585A-D458-D94B-A7F1-D277FA120794}.MinSizeRel|x64.ActiveCfg = Release|x64
		{20FC585A-D458-D94B-A7F1-D277FA120794}.MinSizeRel|x64.Build.0 = Release|x64
		{20FC585A-D458-D94B-A7F1-D277FA120794}.Release|ORBIS.ActiveCfg = Release|Win32
		{20FC585A-D458-D94B-A7F1-D277FA120794}.Release|Win32.ActiveCfg = Release|Win32
		{20FC585A-D458-D94B-A7F1-D277FA120794}.Release|Win32.Build.0 = Release|Win32
		{20FC585A-D458-D94B-A7F1-D277FA120794}.Release|x64.ActiveCfg = Release|x64
		{20FC585A-D458-D94B-A7F1-D277FA120794}.Release|x64.Build.0 = Release|x64
		{20FC585A-D458-D94B-A7F1-D277FA120794}.RelWithDebInfo|ORBIS.ActiveCfg = Release|x64
		{20FC585A-D458-D94B-A7F1-D277FA120794}.RelWithDebInfo|ORBIS.Build.0 = Release|x64
		{20FC585A-D458-D94B-A7F1-D277FA120794}.RelWithDebInfo|Win32.ActiveCfg = Release|Win32
		{20FC585A-D458-D94B-A7F1-D277FA120794}.RelWithDebInfo|Win32.Build.0 = Release|Win32
		{20FC585A-D458-D94B-A7F1-D277FA120794}.RelWithDebInfo|x64.ActiveCfg = Release|x64
		{20FC585A-D458-D94B-A7F1-D277FA120794}.RelWithDebInfo|x64.Build.0 = Release|x64
		{C54739D4-6662-444C-89CA-87D24F115485}.Debug|ORBIS.ActiveCfg = Debug|Win32
		{C54739D4-6662-444C-89CA-87D24F115485}.Debug|Win32.ActiveCfg = Debug|Win32
		{C54739D4-6662-444C-89CA-87D24F115485}.Debug|Win32.Build.0 = Debug|Win32
		{C54739D4-6662-444C-89CA-87D24F115485}.Debug|x64.ActiveCfg = Debug|x64
		{C54739D4-6662-444C-89CA-87D24F115485}.Debug|x64.Build.0 = Debug|x64
		{C54739D4-6662-444C-89CA-87D24F115485}.MinSizeRel|ORBIS.ActiveCfg = Release|x64
		{C54739D4-6662-444C-89CA-87D24F115485}.MinSizeRel|ORBIS.Build.0 = Release|x64
		{C54739D4-6662-444C-89CA-87D24F115485}.MinSizeRel|Win32.ActiveCfg = Release|Win32
		{C54739D4-6662-444C-89CA-87D24F115485}.MinSizeRel|Win32.Build.0 = Release|Win32
		{C54739D4-6662-444C-89CA-87D24F115485}.MinSizeRel|x64.ActiveCfg = Release|x64
		{C54739D4-6662-444C-89CA-87D24F115485}.MinSizeRel|x64.Build.0 = Release|x64
		{C54739D4-6662-444C-89CA-87D24F115485}.Release|ORBIS.ActiveCfg = Release|Win32
		{C54739D4-6662-444C-89CA-87D24F115485}.Release|Win32.ActiveCfg = Release|Win32
		{C54739D4-6662-444C-89CA-87D24F115485}.Release|Win32.Build.0 = Release|Win32
		{C54739D4-6662-444C-89CA-87D24F115485}.Release|x64.ActiveCfg = Release|x64
		{C54739D4-6662-444C-89CA-87D24F115485}.Release|x64.Build.0 = Release|x64
		{C54739D4-6662-444C-89CA-87D24F115485}.RelWithDebInfo|ORBIS.ActiveCfg = Release|x64
		{C54739D4-6662-444C-89CA-87D24F115485}.RelWithDebInfo|ORBIS.Build.0 = Release|x64
		{C54739D4-6662-444C-89CA-87D24F115485}.RelWithDebInfo|Win32.ActiveCfg = Release|Win32
		{C54739D4-6662-444C-89CA-87D24F115485}.RelWithDebInfo|Win32.Build.0 = Release|Win32
		{C54739D4-6662-444C-89CA-87D24F115485}.RelWithDebInfo|x64.ActiveCfg = Release|x64
		{C54739D4-6662-444C-89CA-87D24F115485}.RelWithDebInfo|x64.Build.0 = Release|x64
		{CC51B684-98EE-1840-9A11-06189BD97636}.Debug|ORBIS.ActiveCfg = Debug|Win32
		{CC51B684-98EE-1840-9A11-06189BD97636}.Debug|Win32.ActiveCfg = Debug|Win32
		{CC51B684-98EE-1840-9A11-06189BD97636}.Debug|Win32.Build.0 = Debug|Win32
		{CC51B684-98EE-1840-9A11-06189BD97636}.Debug|x64.ActiveCfg = Debug|x64
		{CC51B684-98EE-1840-9A11-06189BD97636}.Debug|x64.Build.0 = Debug|x64
		{CC51B684-98EE-1840-9A11-06189BD97636}.MinSizeRel|ORBIS.ActiveCfg = Release|x64
		{CC51B684-98EE-1840-9A11-06189BD97636}.MinSizeRel|ORBIS.Build.0 = Release|x64
		{CC51B684-98EE-1840-9A11-06189BD97636}.MinSizeRel|Win32.ActiveCfg = Release|Win32
		{CC51B684-98EE-1840-9A11-06189BD97636}.MinSizeRel|Win32.Build.0 = Release|Win32
		{CC51B684-98EE-1840-9A11-06189BD97636}.MinSizeRel|x64.ActiveCfg = Release|x64
		{CC51B684-98EE-1840-9A11-06189BD97636}.MinSizeRel|x64.Build.0 = Release|x64
		{CC51B684-98EE-1840-9A11-06189BD97636}.Release|ORBIS.ActiveCfg = Release|Win32
		{CC51B684-98EE-1840-9A11-06189BD97636}.Release|Win32.ActiveCfg = Release|Win32
		{CC51B684-98EE-1840-9A11-06189BD97636}.Release|Win32.Build.0 = Release|Win32
		{CC51B684-98EE-1840-9A11-06189BD97636}.Release|x64.ActiveCfg = Release|x64
		{CC51B684-98EE-1840-9A11-06189BD97636}.Release|x64.Build.0 = Release|x64
		{CC51B684-98EE-1840-9A11-06189BD97636}.RelWithDebInfo|ORBIS.ActiveCfg = Release|x64
		{CC51B684-98EE-1840-9A11-06189BD97636}.RelWithDebInfo|ORBIS.Build.0 = Release|x64
		{CC51B684-98EE-1840-9A11-06189BD97636}.RelWithDebInfo|Win32.ActiveCfg = Release|Win32
		{CC51B684-98EE-1840-9A11-06189BD97636}.RelWithDebInfo|Win32.Build.0 = Release|Win32
		{CC51B684-98EE-1840-9A11-06189BD97636}.RelWithDebInfo|x64.ActiveCfg = Release|x64
		{CC51B684-98EE-1840-9A11-06189BD97636}.RelWithDebInfo|x64.Build.0 = Release|x64
		{13DA0281-C0E5-3D14-A05E-5C6ACB0764EE}.Debug|ORBIS.ActiveCfg = Debug|x64
		{13DA0281-C0E5-3D14-A05E-5C6ACB0764EE}.Debug|Win32.ActiveCfg = Debug|Win32
		{13DA0281-C0E5-3D14-A05E-5C6ACB0764EE}.Debug|Win32.Build.0 = Debug|Win32
		{13DA0281-C0E5-3D14-A05E-5C6ACB0764EE}.Debug|x64.ActiveCfg = Debug|x64
		{13DA0281-C0E5-3D14-A05E-5C6ACB0764EE}.Debug|x64.Build.0 = Debug|x64
		{13DA0281-C0E5-3D14-A05E-5C6ACB0764EE}.MinSizeRel|ORBIS.ActiveCfg = MinSizeRel|x64
		{13DA0281-C0E5-3D14-A05E-5C6ACB0764EE}.MinSizeRel|Win32.ActiveCfg = MinSizeRel|x64
		{13DA0281-C0E5-3D14-A05E-5C6ACB0764EE}.MinSizeRel|x64.ActiveCfg = MinSizeRel|x64
		{13DA0281-C0E5-3D14-A05E-5C6ACB0764EE}.MinSizeRel|x64.Build.0 = MinSizeRel|x64
		{13DA0281-C0E5-3D14-A05E-5C6ACB0764EE}.Release|ORBIS.ActiveCfg = Release|x64
		{13DA0281-C0E5-3D14-A05E-5C6ACB0764EE}.Release|Win32.ActiveCfg = Release|x64
		{13DA0281-C0E5-3D14-A05E-5C6ACB0764EE}.Release|x64.ActiveCfg = Release|x64
		{13DA0281-C0E5-3D14-A05E-5C6ACB0764EE}.Release|x64.Build.0 = Release|x64
		{13DA0281-C0E5-3D14-A05E-5C6ACB0764EE}.RelWithDebInfo|ORBIS.ActiveCfg = RelWithDebInfo|x64
		{13DA0281-C0E5-3D14-A05E-5C6ACB0764EE}.RelWithDebInfo|Win32.ActiveCfg = RelWithDebInfo|x64
		{13DA0281-C0E5-3D14-A05E-5C6ACB0764EE}.RelWithDebInfo|x64.ActiveCfg = RelWithDebInfo|x64
		{13DA0281-C0E5-3D14-A05E-5C6ACB0764EE}.RelWithDebInfo|x64.Build.0 = RelWithDebInfo|x64
	EndGlobalSection
	GlobalSection(SolutionProperties) = preSolution
		HideSolutionNode = FALSE
	EndGlobalSection
	GlobalSection(NestedProjects) = preSolution
		{0CD8A1CF-9844-9A45-99A7-6D5DBD4A1E4B} = {70829DA4-ECEA-4621-BEE2-BE857642EE13}
		{0040465F-18CC-4046-B4B6-FD41AA072729} = {70829DA4-ECEA-4621-BEE2-BE857642EE13}
		{34EEBA63-1275-F64A-B327-7451BE0F6B22} = {70829DA4-ECEA-4621-BEE2-BE857642EE13}
		{3141FF89-BD01-9D4A-B488-6EA0F0F86179} = {70829DA4-ECEA-4621-BEE2-BE857642EE13}
		{0468544D-73ED-DF41-B9AD-F37656AD06A2} = {70829DA4-ECEA-4621-BEE2-BE857642EE13}
		{64B64A5B-CA3E-0B42-80DD-9164BF7A04C1} = {70829DA4-ECEA-4621-BEE2-BE857642EE13}
		{4EE82934-BF3F-4045-8E46-638A8DE790F7} = {70829DA4-ECEA-4621-BEE2-BE857642EE13}
		{8E45C2D7-F111-EC41-B892-25818A3EF3A2} = {70829DA4-ECEA-4621-BEE2-BE857642EE13}
		{6D7C971C-C172-EB4E-9821-2A79AFC74BDE} = {70829DA4-ECEA-4621-BEE2-BE857642EE13}
		{BEDF3D4C-7D1C-FD46-9C7E-E40E4635F2EB} = {70829DA4-ECEA-4621-BEE2-BE857642EE13}
		{611B2A7D-9A3A-FB45-A269-08899E1051D5} = {70829DA4-ECEA-4621-BEE2-BE857642EE13}
		{20FC585A-D458-D94B-A7F1-D277FA120794} = {70829DA4-ECEA-4621-BEE2-BE857642EE13}
		{C54739D4-6662-444C-89CA-87D24F115485} = {70829DA4-ECEA-4621-BEE2-BE857642EE13}
		{CC51B684-98EE-1840-9A11-06189BD97636} = {70829DA4-ECEA-4621-BEE2-BE857642EE13}
		{13DA0281-C0E5-3D14-A05E-5C6ACB0764EE} = {3A85EB90-DC73-4139-AFFF-813B51AE4CA6}
	EndGlobalSection
	GlobalSection(ExtensibilityGlobals) = postSolution
		SolutionGuid = {28397354-383B-4D5D-B8BE-A6498FC71C4C}
	EndGlobalSection
	GlobalSection(SubversionScc) = preSolution
		Svn-Managed = True
		Manager = AnkhSVN - Subversion Support for Visual Studio
	EndGlobalSection
EndGlobal
