<?xml version="1.0" encoding="utf-8"?>
<Project ToolsVersion="4.0" xmlns="http://schemas.microsoft.com/developer/msbuild/2003">
  <ItemGroup>
    <Filter Include="Source Files">
      <UniqueIdentifier>{4FC737F1-C7A5-4376-A066-2A32D752A2FF}</UniqueIdentifier>
      <Extensions>cpp;c;cc;cxx;def;odl;idl;hpj;bat;asm;asmx</Extensions>
    </Filter>
    <Filter Include="Header Files">
      <UniqueIdentifier>{93995380-89BD-4b04-88EB-625FBE52EBFB}</UniqueIdentifier>
      <Extensions>h;hh;hpp;hxx;hm;inl;inc;xsd</Extensions>
    </Filter>
    <Filter Include="Resource Files">
      <UniqueIdentifier>{67DA6AB6-F800-4c08-8B7A-83BB121AAD01}</UniqueIdentifier>
      <Extensions>rc;ico;cur;bmp;dlg;rc2;rct;bin;rgs;gif;jpg;jpeg;jpe;resx;tiff;tif;png;wav;mfcribbon-ms</Extensions>
    </Filter>
    <Filter Include="UI">
      <UniqueIdentifier>{8c5a81ec-3c6f-4974-82e1-f25f76e79dd0}</UniqueIdentifier>
    </Filter>
  </ItemGroup>
  <ItemGroup>
    <ClCompile Include="Main.cpp">
      <Filter>Source Files</Filter>
    </ClCompile>
    <ClCompile Include="GameTechRenderer.cpp">
      <Filter>Source Files</Filter>
    </ClCompile>
    <ClCompile Include="TutorialGame.cpp">
      <Filter>Source Files</Filter>
    </ClCompile>
    <ClCompile Include="StateGameObject.cpp">
      <Filter>Source Files</Filter>
    </ClCompile>
    <ClCompile Include="DW_UIbase.cpp">
      <Filter>UI</Filter>
    </ClCompile>
    <ClCompile Include="DW_UIEventMgr.cpp">
      <Filter>UI</Filter>
    </ClCompile>
    <ClCompile Include="DW_UIImage.cpp">
      <Filter>UI</Filter>
    </ClCompile>
    <ClCompile Include="DW_UIImageRenderer.cpp">
      <Filter>UI</Filter>
    </ClCompile>
    <ClCompile Include="DW_UIPanel.cpp">
      <Filter>UI</Filter>
    </ClCompile>
    <ClCompile Include="DW_UIPanelExample.cpp">
      <Filter>UI</Filter>
    </ClCompile>
    <ClCompile Include="DW_UIRenderer.cpp">
      <Filter>UI</Filter>
    </ClCompile>
    <ClCompile Include="DW_UIText.cpp">
      <Filter>UI</Filter>
    </ClCompile>
    <ClCompile Include="DW_UITextRenderer.cpp">
      <Filter>UI</Filter>
    </ClCompile>
    <ClCompile Include="HM_StartMenu.cpp">
      <Filter>Source Files</Filter>
    </ClCompile>
    <ClCompile Include="HM_PauseMenu.cpp">
      <Filter>Source Files</Filter>
    </ClCompile>
    <ClCompile Include="HM_Win.cpp">
      <Filter>Source Files</Filter>
    </ClCompile>
    <ClCompile Include="HM_Lose.cpp">
      <Filter>Source Files</Filter>
    </ClCompile>
    <ClCompile Include="DW_UIHUD.cpp">
      <Filter>Source Files</Filter>
    </ClCompile>
    <ClCompile Include="DW_Quad.cpp">
      <Filter>Source Files</Filter>
    </ClCompile>
    <ClCompile Include="DW_Tools.cpp">
      <Filter>Source Files</Filter>
    </ClCompile>
    <ClCompile Include="DW_Light.cpp">
      <Filter>Source Files</Filter>
    </ClCompile>
    <ClCompile Include="DW_ShadowHelper.cpp">
      <Filter>Source Files</Filter>
    </ClCompile>
    <ClCompile Include="DW_DeferredRenderingHelper.cpp">
      <Filter>Source Files</Filter>
    </ClCompile>
    <ClCompile Include="HM_Option.cpp">
      <Filter>Source Files</Filter>
    </ClCompile>
    <ClCompile Include="DW_SkyboxHelper.cpp">
      <Filter>Source Files</Filter>
    </ClCompile>
    <ClCompile Include="DW_BloomHelper.cpp">
      <Filter>Source Files</Filter>
    </ClCompile>
    <ClCompile Include="DW_PostEffectHelper.cpp">
      <Filter>Source Files</Filter>
    </ClCompile>
    <ClCompile Include="DW_RenderCombineHelper.cpp">
      <Filter>Source Files</Filter>
    </ClCompile>
  </ItemGroup>
  <ItemGroup>
    <ClInclude Include="GameTechRenderer.h">
      <Filter>Header Files</Filter>
    </ClInclude>
    <ClInclude Include="TutorialGame.h">
      <Filter>Header Files</Filter>
    </ClInclude>
    <ClInclude Include="StateGameObject.h">
      <Filter>Header Files</Filter>
    </ClInclude>
    <ClInclude Include="DW_UITextRenderer.h">
      <Filter>UI</Filter>
    </ClInclude>
    <ClInclude Include="DW_Singleton.h">
      <Filter>UI</Filter>
    </ClInclude>
    <ClInclude Include="DW_UIbase.h">
      <Filter>UI</Filter>
    </ClInclude>
    <ClInclude Include="DW_UIEventMgr.h">
      <Filter>UI</Filter>
    </ClInclude>
    <ClInclude Include="DW_UIImage.h">
      <Filter>UI</Filter>
    </ClInclude>
    <ClInclude Include="DW_UIImageRenderer.h">
      <Filter>UI</Filter>
    </ClInclude>
    <ClInclude Include="DW_UIPanel.h">
      <Filter>UI</Filter>
    </ClInclude>
    <ClInclude Include="DW_UIPanelExample.h">
      <Filter>UI</Filter>
    </ClInclude>
    <ClInclude Include="DW_UIRenderer.h">
      <Filter>UI</Filter>
    </ClInclude>
    <ClInclude Include="DW_UIText.h">
      <Filter>UI</Filter>
    </ClInclude>
    <ClInclude Include="HM_StartMenu.h">
      <Filter>Header Files</Filter>
    </ClInclude>
    <ClInclude Include="HM_PauseMenu.h">
      <Filter>Header Files</Filter>
    </ClInclude>
    <ClInclude Include="HM_Win.h">
      <Filter>Header Files</Filter>
    </ClInclude>
    <ClInclude Include="HM_Lose.h">
      <Filter>Header Files</Filter>
    </ClInclude>
    <ClInclude Include="DW_UIHUD.h">
      <Filter>Header Files</Filter>
    </ClInclude>
    <ClInclude Include="DW_Quad.h">
      <Filter>Header Files</Filter>
    </ClInclude>
    <ClInclude Include="DW_Tools.h">
      <Filter>Header Files</Filter>
    </ClInclude>
    <ClInclude Include="DW_Light.h">
      <Filter>Header Files</Filter>
    </ClInclude>
    <ClInclude Include="DW_ShadowHelper.h">
      <Filter>Header Files</Filter>
    </ClInclude>
    <ClInclude Include="DW_DeferredRenderingHelper.h">
      <Filter>Header Files</Filter>
    </ClInclude>
    <ClInclude Include="HM_Option.h">
      <Filter>Header Files</Filter>
    </ClInclude>
    <ClInclude Include="DW_SkyboxHelper.h">
      <Filter>Header Files</Filter>
    </ClInclude>
    <ClInclude Include="DW_BloomHelper.h">
      <Filter>Header Files</Filter>
    </ClInclude>
    <ClInclude Include="DW_PostEffectHelper.h">
      <Filter>Header Files</Filter>
    </ClInclude>
    <ClInclude Include="DW_RenderCombineHelper.h">
      <Filter>Header Files</Filter>
    </ClInclude>
  </ItemGroup>
</Project>